{
  "version": 4,
  "terraform_version": "1.0.9",
  "serial": 51,
  "lineage": "3051e702-d4fc-f4f6-9b62-a6881ae693ce",
  "outputs": {
    "private_addreses": {
      "value": {
        "0": "10.10.10.6",
        "1": "10.10.10.3",
        "2": "10.10.10.5",
        "3": "10.10.10.4"
      },
      "type": [
        "object",
        {
          "0": "string",
          "1": "string",
          "2": "string",
          "3": "string"
        }
      ]
    }
  },
  "resources": [
    {
      "mode": "data",
      "type": "digitalocean_ssh_key",
      "name": "gateway",
      "provider": "provider[\"registry.terraform.io/digitalocean/digitalocean\"]",
      "instances": [
        {
          "schema_version": 0,
          "attributes": {
            "fingerprint": "b0:ea:08:c1:70:1c:1a:77:15:f7:25:8e:e2:be:6e:51",
            "id": 32045320,
            "name": "gateway",
            "public_key": "ssh-rsa AAAAB3NzaC1yc2EAAAADAQABAAABgQDhsNw+7ZaUoT4Jp1v2bYJOzz66gFkBh+DZDLCpyj8upt5Eo3UHCtcojQ5vF57iv60btjCyFO8UCSjvAV58pVm9yNFtNHHXEFndCKuPabfrAzjV6xoCf1WpIfN7ez+99CeJRPUIcrAKQ0lQ3RyicQg5FyI2WSD3KWgeBbrFX4fDqpUnlss5ilp5jNVDAkGhXEEm6V3C1lw3smDHQkWvY/UxXuqIGJe2SS084TlkHSvLe0zf43ZLwMFTpDjBSROTRuF6aeopnVL3mWMnPo8Y+4cFsuODb//UInFs9f+xk4QJ1iXsLsDB55rp+hbwxqEIiekveXKSJJi4rca5XXETqnDkZ+cb84aGyC1h9gUhTctJw3+CswR5ZUVxOm2pVGG/PwUgf5vtGAXt+az6onKmVGy37HNOvsdlEPNcEe/4NGem43J55jVm46sdr8o5Th0/CWBRCdhsDZ0X61MxoepscDw3wxmRnSA5YQoeq2Qtm9R6XPqTCGOOXorVYfykdm9cNd8="
          },
          "sensitive_attributes": []
        }
      ]
    },
    {
      "mode": "managed",
      "type": "digitalocean_droplet",
      "name": "backend",
      "provider": "provider[\"registry.terraform.io/digitalocean/digitalocean\"]",
      "instances": [
        {
          "index_key": 0,
          "schema_version": 1,
          "attributes": {
            "backups": false,
            "created_at": "2021-10-21T22:30:36Z",
            "disk": 25,
            "droplet_agent": null,
            "graceful_shutdown": false,
            "id": "270316168",
            "image": "ubuntu-20-04-x64",
            "ipv4_address": "157.245.33.102",
            "ipv4_address_private": "10.10.10.6",
            "ipv6": false,
            "ipv6_address": "",
            "locked": false,
            "memory": 1024,
            "monitoring": false,
            "name": "backend-0",
            "price_hourly": 0.00744,
            "price_monthly": 5,
            "private_networking": true,
            "region": "lon1",
            "resize_disk": true,
            "size": "s-1vcpu-1gb",
            "ssh_keys": [
              "32045320"
            ],
            "status": "active",
            "tags": null,
            "urn": "do:droplet:270316168",
            "user_data": "fd4eb11d2897d843b841d0ace3c3852a4c2aea95",
            "vcpus": 1,
            "volume_ids": [],
            "vpc_uuid": "876879e7-11fd-42f2-8dfe-844932f1f684"
          },
          "sensitive_attributes": [],
          "private": "eyJzY2hlbWFfdmVyc2lvbiI6IjEifQ==",
          "dependencies": [
            "data.digitalocean_ssh_key.gateway",
            "digitalocean_droplet.gateway1",
            "digitalocean_vpc.terraform-vpc"
          ]
        },
        {
          "index_key": 1,
          "schema_version": 1,
          "attributes": {
            "backups": false,
            "created_at": "2021-10-21T22:30:36Z",
            "disk": 25,
            "droplet_agent": null,
            "graceful_shutdown": false,
            "id": "270316167",
            "image": "ubuntu-20-04-x64",
            "ipv4_address": "167.71.135.137",
            "ipv4_address_private": "10.10.10.3",
            "ipv6": false,
            "ipv6_address": "",
            "locked": false,
            "memory": 1024,
            "monitoring": false,
            "name": "backend-1",
            "price_hourly": 0.00744,
            "price_monthly": 5,
            "private_networking": true,
            "region": "lon1",
            "resize_disk": true,
            "size": "s-1vcpu-1gb",
            "ssh_keys": [
              "32045320"
            ],
            "status": "active",
            "tags": null,
            "urn": "do:droplet:270316167",
            "user_data": "fd4eb11d2897d843b841d0ace3c3852a4c2aea95",
            "vcpus": 1,
            "volume_ids": [],
            "vpc_uuid": "876879e7-11fd-42f2-8dfe-844932f1f684"
          },
          "sensitive_attributes": [],
          "private": "eyJzY2hlbWFfdmVyc2lvbiI6IjEifQ==",
          "dependencies": [
            "data.digitalocean_ssh_key.gateway",
            "digitalocean_droplet.gateway1",
            "digitalocean_vpc.terraform-vpc"
          ]
        },
        {
          "index_key": 2,
          "schema_version": 1,
          "attributes": {
            "backups": false,
            "created_at": "2021-10-21T22:30:36Z",
            "disk": 25,
            "droplet_agent": null,
            "graceful_shutdown": false,
            "id": "270316170",
            "image": "ubuntu-20-04-x64",
            "ipv4_address": "157.245.42.193",
            "ipv4_address_private": "10.10.10.5",
            "ipv6": false,
            "ipv6_address": "",
            "locked": false,
            "memory": 1024,
            "monitoring": false,
            "name": "backend-2",
            "price_hourly": 0.00744,
            "price_monthly": 5,
            "private_networking": true,
            "region": "lon1",
            "resize_disk": true,
            "size": "s-1vcpu-1gb",
            "ssh_keys": [
              "32045320"
            ],
            "status": "active",
            "tags": null,
            "urn": "do:droplet:270316170",
            "user_data": "fd4eb11d2897d843b841d0ace3c3852a4c2aea95",
            "vcpus": 1,
            "volume_ids": [],
            "vpc_uuid": "876879e7-11fd-42f2-8dfe-844932f1f684"
          },
          "sensitive_attributes": [],
          "private": "eyJzY2hlbWFfdmVyc2lvbiI6IjEifQ==",
          "dependencies": [
            "data.digitalocean_ssh_key.gateway",
            "digitalocean_droplet.gateway1",
            "digitalocean_vpc.terraform-vpc"
          ]
        },
        {
          "index_key": 3,
          "schema_version": 1,
          "attributes": {
            "backups": false,
            "created_at": "2021-10-21T22:30:36Z",
            "disk": 25,
            "droplet_agent": null,
            "graceful_shutdown": false,
            "id": "270316169",
            "image": "ubuntu-20-04-x64",
            "ipv4_address": "157.245.42.12",
            "ipv4_address_private": "10.10.10.4",
            "ipv6": false,
            "ipv6_address": "",
            "locked": false,
            "memory": 1024,
            "monitoring": false,
            "name": "backend-3",
            "price_hourly": 0.00744,
            "price_monthly": 5,
            "private_networking": true,
            "region": "lon1",
            "resize_disk": true,
            "size": "s-1vcpu-1gb",
            "ssh_keys": [
              "32045320"
            ],
            "status": "active",
            "tags": null,
            "urn": "do:droplet:270316169",
            "user_data": "fd4eb11d2897d843b841d0ace3c3852a4c2aea95",
            "vcpus": 1,
            "volume_ids": [],
            "vpc_uuid": "876879e7-11fd-42f2-8dfe-844932f1f684"
          },
          "sensitive_attributes": [],
          "private": "eyJzY2hlbWFfdmVyc2lvbiI6IjEifQ==",
          "dependencies": [
            "data.digitalocean_ssh_key.gateway",
            "digitalocean_droplet.gateway1",
            "digitalocean_vpc.terraform-vpc"
          ]
        }
      ]
    },
    {
      "mode": "managed",
      "type": "digitalocean_droplet",
      "name": "gateway1",
      "provider": "provider[\"registry.terraform.io/digitalocean/digitalocean\"]",
      "instances": [
        {
          "schema_version": 1,
          "attributes": {
            "backups": false,
            "created_at": "2021-10-21T22:29:53Z",
            "disk": 25,
            "droplet_agent": null,
            "graceful_shutdown": false,
            "id": "270316049",
            "image": "ubuntu-20-04-x64",
            "ipv4_address": "138.68.178.108",
            "ipv4_address_private": "10.10.10.2",
            "ipv6": false,
            "ipv6_address": "",
            "locked": false,
            "memory": 1024,
            "monitoring": false,
            "name": "gateway1",
            "price_hourly": 0.00744,
            "price_monthly": 5,
            "private_networking": true,
            "region": "lon1",
            "resize_disk": true,
            "size": "s-1vcpu-1gb",
            "ssh_keys": [
              "32045320"
            ],
            "status": "active",
            "tags": null,
            "urn": "do:droplet:270316049",
            "user_data": "5578e2fc48a35582ca411f34ef736c5f5d239539",
            "vcpus": 1,
            "volume_ids": [],
            "vpc_uuid": "876879e7-11fd-42f2-8dfe-844932f1f684"
          },
          "sensitive_attributes": [],
          "private": "eyJzY2hlbWFfdmVyc2lvbiI6IjEifQ==",
          "dependencies": [
            "data.digitalocean_ssh_key.gateway",
            "digitalocean_vpc.terraform-vpc"
          ]
        }
      ]
    },
    {
      "mode": "managed",
      "type": "digitalocean_vpc",
      "name": "terraform-vpc",
      "provider": "provider[\"registry.terraform.io/digitalocean/digitalocean\"]",
      "instances": [
        {
          "schema_version": 0,
          "attributes": {
            "created_at": "2021-10-21 22:13:46 +0000 UTC",
            "default": false,
            "description": "",
            "id": "876879e7-11fd-42f2-8dfe-844932f1f684",
            "ip_range": "10.10.10.0/24",
            "name": "terraform-vpc",
            "region": "lon1",
            "timeouts": null,
            "urn": "do:vpc:876879e7-11fd-42f2-8dfe-844932f1f684"
          },
          "sensitive_attributes": [],
          "private": "eyJlMmJmYjczMC1lY2FhLTExZTYtOGY4OC0zNDM2M2JjN2M0YzAiOnsiZGVsZXRlIjoxMjAwMDAwMDAwMDB9fQ=="
        }
      ]
    }
  ]
}
